
Microsoft Visual Studio Solution File, Format Version 12.00
# Visual Studio Version 17
VisualStudioVersion = 17.8.34316.72
MinimumVisualStudioVersion = 10.0.40219.1
Project("{FAE04EC0-301F-11D3-BF4B-00C04F79EFBC}") = "ControleDeEquipamentos.Api", "ControleDeEquipamentos.Api\ControleDeEquipamentos.Api.csproj", "{A04A063C-BA0E-48DA-A99C-85DC1ECA1ECE}"
EndProject
Project("{FAE04EC0-301F-11D3-BF4B-00C04F79EFBC}") = "ControleDeEquipamentos.Domain", "ControleDeEquipamentos.Domain\ControleDeEquipamentos.Domain.csproj", "{AA0797EB-1502-4367-9826-6D921854D4DE}"
EndProject
Project("{FAE04EC0-301F-11D3-BF4B-00C04F79EFBC}") = "ControleDeEquipamentos.Application", "ControleDeEquipamentos.Application\ControleDeEquipamentos.Application.csproj", "{DCB1A4EC-32F9-4482-AA47-7F6D848B5864}"
EndProject
Project("{FAE04EC0-301F-11D3-BF4B-00C04F79EFBC}") = "ControleDeEquipamentos.Infra", "ControleDeEquipamentos.Infra\ControleDeEquipamentos.Infra.csproj", "{ABE71300-8B11-4E81-993D-5CC40624CF29}"
EndProject
Project("{FAE04EC0-301F-11D3-BF4B-00C04F79EFBC}") = "ControleDeEquipamentos.IoC", "ControleDeEquipamentos.IoC\ControleDeEquipamentos.IoC.csproj", "{553B54DA-D9BC-4341-B876-884DA26D93FD}"
EndProject
Global
	GlobalSection(SolutionConfigurationPlatforms) = preSolution
		Debug|Any CPU = Debug|Any CPU
		Release|Any CPU = Release|Any CPU
	EndGlobalSection
	GlobalSection(ProjectConfigurationPlatforms) = postSolution
		{A04A063C-BA0E-48DA-A99C-85DC1ECA1ECE}.Debug|Any CPU.ActiveCfg = Debug|Any CPU
		{A04A063C-BA0E-48DA-A99C-85DC1ECA1ECE}.Debug|Any CPU.Build.0 = Debug|Any CPU
		{A04A063C-BA0E-48DA-A99C-85DC1ECA1ECE}.Release|Any CPU.ActiveCfg = Release|Any CPU
		{A04A063C-BA0E-48DA-A99C-85DC1ECA1ECE}.Release|Any CPU.Build.0 = Release|Any CPU
		{AA0797EB-1502-4367-9826-6D921854D4DE}.Debug|Any CPU.ActiveCfg = Debug|Any CPU
		{AA0797EB-1502-4367-9826-6D921854D4DE}.Debug|Any CPU.Build.0 = Debug|Any CPU
		{AA0797EB-1502-4367-9826-6D921854D4DE}.Release|Any CPU.ActiveCfg = Release|Any CPU
		{AA0797EB-1502-4367-9826-6D921854D4DE}.Release|Any CPU.Build.0 = Release|Any CPU
		{DCB1A4EC-32F9-4482-AA47-7F6D848B5864}.Debug|Any CPU.ActiveCfg = Debug|Any CPU
		{DCB1A4EC-32F9-4482-AA47-7F6D848B5864}.Debug|Any CPU.Build.0 = Debug|Any CPU
		{DCB1A4EC-32F9-4482-AA47-7F6D848B5864}.Release|Any CPU.ActiveCfg = Release|Any CPU
		{DCB1A4EC-32F9-4482-AA47-7F6D848B5864}.Release|Any CPU.Build.0 = Release|Any CPU
		{ABE71300-8B11-4E81-993D-5CC40624CF29}.Debug|Any CPU.ActiveCfg = Debug|Any CPU
		{ABE71300-8B11-4E81-993D-5CC40624CF29}.Debug|Any CPU.Build.0 = Debug|Any CPU
		{ABE71300-8B11-4E81-993D-5CC40624CF29}.Release|Any CPU.ActiveCfg = Release|Any CPU
		{ABE71300-8B11-4E81-993D-5CC40624CF29}.Release|Any CPU.Build.0 = Release|Any CPU
		{553B54DA-D9BC-4341-B876-884DA26D93FD}.Debug|Any CPU.ActiveCfg = Debug|Any CPU
		{553B54DA-D9BC-4341-B876-884DA26D93FD}.Debug|Any CPU.Build.0 = Debug|Any CPU
		{553B54DA-D9BC-4341-B876-884DA26D93FD}.Release|Any CPU.ActiveCfg = Release|Any CPU
		{553B54DA-D9BC-4341-B876-884DA26D93FD}.Release|Any CPU.Build.0 = Release|Any CPU
	EndGlobalSection
	GlobalSection(SolutionProperties) = preSolution
		HideSolutionNode = FALSE
	EndGlobalSection
	GlobalSection(ExtensibilityGlobals) = postSolution
		SolutionGuid = {EA420126-B0F1-4E47-937C-2F5744E18039}
	EndGlobalSection
EndGlobal
